
Microsoft Visual Studio Solution File, Format Version 12.00
# Visual Studio Version 16
VisualStudioVersion = 16.0.33130.400
MinimumVisualStudioVersion = 10.0.40219.1
Project("{FAE04EC0-301F-11D3-BF4B-00C04F79EFBC}") = "TH01P1", "TH01P1\TH01P1.csproj", "{DF09DC92-397B-45BE-A172-F9ACEF826C1C}"
EndProject
Global
	GlobalSection(SolutionConfigurationPlatforms) = preSolution
		Debug|Any CPU = Debug|Any CPU
		Release|Any CPU = Release|Any CPU
	EndGlobalSection
	GlobalSection(ProjectConfigurationPlatforms) = postSolution
		{DF09DC92-397B-45BE-A172-F9ACEF826C1C}.Debug|Any CPU.ActiveCfg = Debug|Any CPU
		{DF09DC92-397B-45BE-A172-F9ACEF826C1C}.Debug|Any CPU.Build.0 = Debug|Any CPU
		{DF09DC92-397B-45BE-A172-F9ACEF826C1C}.Release|Any CPU.ActiveCfg = Release|Any CPU
		{DF09DC92-397B-45BE-A172-F9ACEF826C1C}.Release|Any CPU.Build.0 = Release|Any CPU
	EndGlobalSection
	GlobalSection(SolutionProperties) = preSolution
		HideSolutionNode = FALSE
	EndGlobalSection
	GlobalSection(ExtensibilityGlobals) = postSolution
		SolutionGuid = {B7210CAF-5721-4A4C-8DB3-89D9F213BC00}
	EndGlobalSection
EndGlobal
